
Microsoft Visual Studio Solution File, Format Version 12.00
# Visual Studio 14
VisualStudioVersion = 14.0.25420.1
MinimumVisualStudioVersion = 10.0.40219.1
Project("{FAE04EC0-301F-11D3-BF4B-00C04F79EFBC}") = "ReactiveCore.NET461", "ReactiveCore.NET461\ReactiveCore.NET461.csproj", "{21E00F1E-A1FC-4F30-8AF2-C1C357B5122C}"
EndProject
Project("{FAE04EC0-301F-11D3-BF4B-00C04F79EFBC}") = "ReactiveCore.Test", "ReactiveCore.Test\ReactiveCore.Test.csproj", "{C67036A4-D099-4159-ADB4-DA1BC27D9088}"
	ProjectSection(ProjectDependencies) = postProject
		{6021E56E-892C-40CB-B84C-ADF78F3C0520} = {6021E56E-892C-40CB-B84C-ADF78F3C0520}
	EndProjectSection
EndProject
Project("{FAE04EC0-301F-11D3-BF4B-00C04F79EFBC}") = "Weavers", "Weavers\Weavers.csproj", "{6021E56E-892C-40CB-B84C-ADF78F3C0520}"
EndProject
Project("{FAE04EC0-301F-11D3-BF4B-00C04F79EFBC}") = "PropertyChanged.NET461.Helpers", "PropertyChanged.NET461.Helpers\PropertyChanged.NET461.Helpers.csproj", "{85AC958C-0C88-45C6-B4DB-395A1423404E}"
EndProject
Project("{FAE04EC0-301F-11D3-BF4B-00C04F79EFBC}") = "ReactiveDbCore.NET461", "ReactiveDbCore.NET461\ReactiveDbCore.NET461.csproj", "{CC861305-BA94-435C-B08C-5605F6113E6E}"
EndProject
Project("{FAE04EC0-301F-11D3-BF4B-00C04F79EFBC}") = "ReactiveDbCore.Test", "ReactiveDbCore.Test\ReactiveDbCore.Test.csproj", "{172A6D5F-5CD8-4C39-B2C7-2A58BD33C9DA}"
EndProject
Project("{8BB2217D-0F2D-49D1-97BC-3654ED321F3B}") = "ReactiveCoreWebAppTest", "ReactiveCoreWebAppTest\ReactiveCoreWebAppTest.xproj", "{4A428C25-FE48-4D43-B611-07E91ABB3C2A}"
EndProject
Project("{8BB2217D-0F2D-49D1-97BC-3654ED321F3B}") = "ReactiveCoreMvc", "ReactiveCoreMvc\ReactiveCoreMvc.xproj", "{3ECE171A-DDA6-473A-B225-B511DAD04E13}"
EndProject
Project("{8BB2217D-0F2D-49D1-97BC-3654ED321F3B}") = "ReactiveAddins.Core", "ReactiveAddins.Core\ReactiveAddins.Core.xproj", "{9C71861D-A7CC-4DAE-B66A-23DAC8359CA2}"
EndProject
Project("{8BB2217D-0F2D-49D1-97BC-3654ED321F3B}") = "PropertyChanged.Core.Helpers", "PropertyChanged.Core.Helpers\PropertyChanged.Core.Helpers.xproj", "{C8358B38-6275-462D-A5B3-EB61218E1A2C}"
EndProject
Project("{8BB2217D-0F2D-49D1-97BC-3654ED321F3B}") = "ReactiveCore.Core", "ReactiveCore.Core\ReactiveCore.Core.xproj", "{AFCEA297-4381-4FFB-B548-D9C241AB4EE1}"
EndProject
Project("{2150E333-8FDC-42A3-9474-1A3956D46DE8}") = "NET461", "NET461", "{546169BB-1597-4EFA-97BB-4AA3D165BFA4}"
EndProject
Project("{2150E333-8FDC-42A3-9474-1A3956D46DE8}") = "Core", "Core", "{DE5B585C-5176-422A-BB50-21DCDF5B111F}"
EndProject
Project("{8BB2217D-0F2D-49D1-97BC-3654ED321F3B}") = "ReactiveDbCore.Core", "ReactiveDbCore.Core\ReactiveDbCore.Core.xproj", "{FE7AC039-0D9B-4BB2-9507-7E6B135A0029}"
EndProject
Project("{2150E333-8FDC-42A3-9474-1A3956D46DE8}") = "Tests", "Tests", "{4EEADC53-4EEE-4488-8FAA-46720C900AFF}"
EndProject
Project("{2150E333-8FDC-42A3-9474-1A3956D46DE8}") = "Fody", "Fody", "{A6E291DB-E381-486A-ADC7-61A6C727CDB9}"
EndProject
Project("{8BB2217D-0F2D-49D1-97BC-3654ED321F3B}") = "ReactiveHelpers.Core", "ReactiveHelpers.Core\ReactiveHelpers.Core.xproj", "{C533BD44-C451-47A0-B460-F2640FB051A2}"
EndProject
Project("{8BB2217D-0F2D-49D1-97BC-3654ED321F3B}") = "ReactiveShop.Web", "ReactiveShop.Web\ReactiveShop.Web.xproj", "{07849B26-3594-4D96-9C34-1F451F520EC7}"
EndProject
Project("{2150E333-8FDC-42A3-9474-1A3956D46DE8}") = "Modules", "Modules", "{80128B38-52DE-4D68-893F-AD0804A91D94}"
EndProject
Project("{2150E333-8FDC-42A3-9474-1A3956D46DE8}") = "Shop", "Shop", "{97627BEF-A690-42FB-8B79-325AC5155E64}"
EndProject
Project("{8BB2217D-0F2D-49D1-97BC-3654ED321F3B}") = "ReactiveShop.Core", "ReactiveShop.Core\ReactiveShop.Core.xproj", "{82554555-E4E7-4F23-9701-BA982E177E49}"
EndProject
Project("{8BB2217D-0F2D-49D1-97BC-3654ED321F3B}") = "ReactiveUnits", "ReactiveUnits\ReactiveUnits.xproj", "{7BEAB23C-09C3-499A-AED5-4D2956B1C167}"
EndProject
Project("{FAE04EC0-301F-11D3-BF4B-00C04F79EFBC}") = "ReactiveShopCore.Test", "ReactiveShopCore.Test\ReactiveShopCore.Test.csproj", "{F6FFEA59-3B1A-4B91-BA35-02B4B54A9B11}"
EndProject
Project("{FAE04EC0-301F-11D3-BF4B-00C04F79EFBC}") = "ReactiveShop.Core.NET461", "ReactiveShop.Core.NET461\ReactiveShop.Core.NET461.csproj", "{30093D43-D9C2-4FCD-A005-1AA57DD36FE2}"
EndProject
Project("{FAE04EC0-301F-11D3-BF4B-00C04F79EFBC}") = "ReactiveUnits.NET461", "ReactiveUnits.NET461\ReactiveUnits.NET461.csproj", "{CC9B3B19-D634-483B-9DB9-33950A14DB2C}"
EndProject
Project("{FAE04EC0-301F-11D3-BF4B-00C04F79EFBC}") = "ReactiveHelpers.NET461", "ReactiveHelpers.NET461\ReactiveHelpers.NET461.csproj", "{F5221828-412C-470F-89AD-B8E0259D089F}"
EndProject
Project("{FAE04EC0-301F-11D3-BF4B-00C04F79EFBC}") = "ReactiveTemp", "ReactiveTemp\ReactiveTemp.csproj", "{4F892C47-081D-4598-957C-4987D8FEF0CE}"
	ProjectSection(ProjectDependencies) = postProject
		{6021E56E-892C-40CB-B84C-ADF78F3C0520} = {6021E56E-892C-40CB-B84C-ADF78F3C0520}
	EndProjectSection
EndProject
Global
	GlobalSection(SolutionConfigurationPlatforms) = preSolution
		Debug|Any CPU = Debug|Any CPU
		Release|Any CPU = Release|Any CPU
	EndGlobalSection
	GlobalSection(ProjectConfigurationPlatforms) = postSolution
		{21E00F1E-A1FC-4F30-8AF2-C1C357B5122C}.Debug|Any CPU.ActiveCfg = Debug|Any CPU
		{21E00F1E-A1FC-4F30-8AF2-C1C357B5122C}.Debug|Any CPU.Build.0 = Debug|Any CPU
		{21E00F1E-A1FC-4F30-8AF2-C1C357B5122C}.Release|Any CPU.ActiveCfg = Release|Any CPU
		{21E00F1E-A1FC-4F30-8AF2-C1C357B5122C}.Release|Any CPU.Build.0 = Release|Any CPU
		{C67036A4-D099-4159-ADB4-DA1BC27D9088}.Debug|Any CPU.ActiveCfg = Debug|Any CPU
		{C67036A4-D099-4159-ADB4-DA1BC27D9088}.Debug|Any CPU.Build.0 = Debug|Any CPU
		{C67036A4-D099-4159-ADB4-DA1BC27D9088}.Release|Any CPU.ActiveCfg = Release|Any CPU
		{C67036A4-D099-4159-ADB4-DA1BC27D9088}.Release|Any CPU.Build.0 = Release|Any CPU
		{6021E56E-892C-40CB-B84C-ADF78F3C0520}.Debug|Any CPU.ActiveCfg = Debug|Any CPU
		{6021E56E-892C-40CB-B84C-ADF78F3C0520}.Debug|Any CPU.Build.0 = Debug|Any CPU
		{6021E56E-892C-40CB-B84C-ADF78F3C0520}.Release|Any CPU.ActiveCfg = Release|Any CPU
		{6021E56E-892C-40CB-B84C-ADF78F3C0520}.Release|Any CPU.Build.0 = Release|Any CPU
		{85AC958C-0C88-45C6-B4DB-395A1423404E}.Debug|Any CPU.ActiveCfg = Debug|Any CPU
		{85AC958C-0C88-45C6-B4DB-395A1423404E}.Debug|Any CPU.Build.0 = Debug|Any CPU
		{85AC958C-0C88-45C6-B4DB-395A1423404E}.Release|Any CPU.ActiveCfg = Release|Any CPU
		{85AC958C-0C88-45C6-B4DB-395A1423404E}.Release|Any CPU.Build.0 = Release|Any CPU
		{CC861305-BA94-435C-B08C-5605F6113E6E}.Debug|Any CPU.ActiveCfg = Debug|Any CPU
		{CC861305-BA94-435C-B08C-5605F6113E6E}.Debug|Any CPU.Build.0 = Debug|Any CPU
		{CC861305-BA94-435C-B08C-5605F6113E6E}.Release|Any CPU.ActiveCfg = Release|Any CPU
		{CC861305-BA94-435C-B08C-5605F6113E6E}.Release|Any CPU.Build.0 = Release|Any CPU
		{172A6D5F-5CD8-4C39-B2C7-2A58BD33C9DA}.Debug|Any CPU.ActiveCfg = Debug|Any CPU
		{172A6D5F-5CD8-4C39-B2C7-2A58BD33C9DA}.Debug|Any CPU.Build.0 = Debug|Any CPU
		{172A6D5F-5CD8-4C39-B2C7-2A58BD33C9DA}.Release|Any CPU.ActiveCfg = Release|Any CPU
		{172A6D5F-5CD8-4C39-B2C7-2A58BD33C9DA}.Release|Any CPU.Build.0 = Release|Any CPU
		{4A428C25-FE48-4D43-B611-07E91ABB3C2A}.Debug|Any CPU.ActiveCfg = Debug|Any CPU
		{4A428C25-FE48-4D43-B611-07E91ABB3C2A}.Debug|Any CPU.Build.0 = Debug|Any CPU
		{4A428C25-FE48-4D43-B611-07E91ABB3C2A}.Release|Any CPU.ActiveCfg = Release|Any CPU
		{4A428C25-FE48-4D43-B611-07E91ABB3C2A}.Release|Any CPU.Build.0 = Release|Any CPU
		{3ECE171A-DDA6-473A-B225-B511DAD04E13}.Debug|Any CPU.ActiveCfg = Debug|Any CPU
		{3ECE171A-DDA6-473A-B225-B511DAD04E13}.Debug|Any CPU.Build.0 = Debug|Any CPU
		{3ECE171A-DDA6-473A-B225-B511DAD04E13}.Release|Any CPU.ActiveCfg = Release|Any CPU
		{3ECE171A-DDA6-473A-B225-B511DAD04E13}.Release|Any CPU.Build.0 = Release|Any CPU
		{9C71861D-A7CC-4DAE-B66A-23DAC8359CA2}.Debug|Any CPU.ActiveCfg = Debug|Any CPU
		{9C71861D-A7CC-4DAE-B66A-23DAC8359CA2}.Debug|Any CPU.Build.0 = Debug|Any CPU
		{9C71861D-A7CC-4DAE-B66A-23DAC8359CA2}.Release|Any CPU.ActiveCfg = Release|Any CPU
		{9C71861D-A7CC-4DAE-B66A-23DAC8359CA2}.Release|Any CPU.Build.0 = Release|Any CPU
		{C8358B38-6275-462D-A5B3-EB61218E1A2C}.Debug|Any CPU.ActiveCfg = Debug|Any CPU
		{C8358B38-6275-462D-A5B3-EB61218E1A2C}.Debug|Any CPU.Build.0 = Debug|Any CPU
		{C8358B38-6275-462D-A5B3-EB61218E1A2C}.Release|Any CPU.ActiveCfg = Release|Any CPU
		{C8358B38-6275-462D-A5B3-EB61218E1A2C}.Release|Any CPU.Build.0 = Release|Any CPU
		{AFCEA297-4381-4FFB-B548-D9C241AB4EE1}.Debug|Any CPU.ActiveCfg = Debug|Any CPU
		{AFCEA297-4381-4FFB-B548-D9C241AB4EE1}.Debug|Any CPU.Build.0 = Debug|Any CPU
		{AFCEA297-4381-4FFB-B548-D9C241AB4EE1}.Release|Any CPU.ActiveCfg = Release|Any CPU
		{AFCEA297-4381-4FFB-B548-D9C241AB4EE1}.Release|Any CPU.Build.0 = Release|Any CPU
		{FE7AC039-0D9B-4BB2-9507-7E6B135A0029}.Debug|Any CPU.ActiveCfg = Debug|Any CPU
		{FE7AC039-0D9B-4BB2-9507-7E6B135A0029}.Debug|Any CPU.Build.0 = Debug|Any CPU
		{FE7AC039-0D9B-4BB2-9507-7E6B135A0029}.Release|Any CPU.ActiveCfg = Release|Any CPU
		{FE7AC039-0D9B-4BB2-9507-7E6B135A0029}.Release|Any CPU.Build.0 = Release|Any CPU
		{C533BD44-C451-47A0-B460-F2640FB051A2}.Debug|Any CPU.ActiveCfg = Debug|Any CPU
		{C533BD44-C451-47A0-B460-F2640FB051A2}.Debug|Any CPU.Build.0 = Debug|Any CPU
		{C533BD44-C451-47A0-B460-F2640FB051A2}.Release|Any CPU.ActiveCfg = Release|Any CPU
		{C533BD44-C451-47A0-B460-F2640FB051A2}.Release|Any CPU.Build.0 = Release|Any CPU
		{07849B26-3594-4D96-9C34-1F451F520EC7}.Debug|Any CPU.ActiveCfg = Debug|Any CPU
		{07849B26-3594-4D96-9C34-1F451F520EC7}.Debug|Any CPU.Build.0 = Debug|Any CPU
		{07849B26-3594-4D96-9C34-1F451F520EC7}.Release|Any CPU.ActiveCfg = Release|Any CPU
		{07849B26-3594-4D96-9C34-1F451F520EC7}.Release|Any CPU.Build.0 = Release|Any CPU
		{82554555-E4E7-4F23-9701-BA982E177E49}.Debug|Any CPU.ActiveCfg = Debug|Any CPU
		{82554555-E4E7-4F23-9701-BA982E177E49}.Debug|Any CPU.Build.0 = Debug|Any CPU
		{82554555-E4E7-4F23-9701-BA982E177E49}.Release|Any CPU.ActiveCfg = Release|Any CPU
		{82554555-E4E7-4F23-9701-BA982E177E49}.Release|Any CPU.Build.0 = Release|Any CPU
		{7BEAB23C-09C3-499A-AED5-4D2956B1C167}.Debug|Any CPU.ActiveCfg = Debug|Any CPU
		{7BEAB23C-09C3-499A-AED5-4D2956B1C167}.Debug|Any CPU.Build.0 = Debug|Any CPU
		{7BEAB23C-09C3-499A-AED5-4D2956B1C167}.Release|Any CPU.ActiveCfg = Release|Any CPU
		{7BEAB23C-09C3-499A-AED5-4D2956B1C167}.Release|Any CPU.Build.0 = Release|Any CPU
		{F6FFEA59-3B1A-4B91-BA35-02B4B54A9B11}.Debug|Any CPU.ActiveCfg = Debug|Any CPU
		{F6FFEA59-3B1A-4B91-BA35-02B4B54A9B11}.Debug|Any CPU.Build.0 = Debug|Any CPU
		{F6FFEA59-3B1A-4B91-BA35-02B4B54A9B11}.Release|Any CPU.ActiveCfg = Release|Any CPU
		{F6FFEA59-3B1A-4B91-BA35-02B4B54A9B11}.Release|Any CPU.Build.0 = Release|Any CPU
		{30093D43-D9C2-4FCD-A005-1AA57DD36FE2}.Debug|Any CPU.ActiveCfg = Debug|Any CPU
		{30093D43-D9C2-4FCD-A005-1AA57DD36FE2}.Debug|Any CPU.Build.0 = Debug|Any CPU
		{30093D43-D9C2-4FCD-A005-1AA57DD36FE2}.Release|Any CPU.ActiveCfg = Release|Any CPU
		{30093D43-D9C2-4FCD-A005-1AA57DD36FE2}.Release|Any CPU.Build.0 = Release|Any CPU
		{CC9B3B19-D634-483B-9DB9-33950A14DB2C}.Debug|Any CPU.ActiveCfg = Debug|Any CPU
		{CC9B3B19-D634-483B-9DB9-33950A14DB2C}.Debug|Any CPU.Build.0 = Debug|Any CPU
		{CC9B3B19-D634-483B-9DB9-33950A14DB2C}.Release|Any CPU.ActiveCfg = Release|Any CPU
		{CC9B3B19-D634-483B-9DB9-33950A14DB2C}.Release|Any CPU.Build.0 = Release|Any CPU
		{F5221828-412C-470F-89AD-B8E0259D089F}.Debug|Any CPU.ActiveCfg = Debug|Any CPU
		{F5221828-412C-470F-89AD-B8E0259D089F}.Debug|Any CPU.Build.0 = Debug|Any CPU
		{F5221828-412C-470F-89AD-B8E0259D089F}.Release|Any CPU.ActiveCfg = Release|Any CPU
		{F5221828-412C-470F-89AD-B8E0259D089F}.Release|Any CPU.Build.0 = Release|Any CPU
		{4F892C47-081D-4598-957C-4987D8FEF0CE}.Debug|Any CPU.ActiveCfg = Debug|Any CPU
		{4F892C47-081D-4598-957C-4987D8FEF0CE}.Debug|Any CPU.Build.0 = Debug|Any CPU
		{4F892C47-081D-4598-957C-4987D8FEF0CE}.Release|Any CPU.ActiveCfg = Release|Any CPU
		{4F892C47-081D-4598-957C-4987D8FEF0CE}.Release|Any CPU.Build.0 = Release|Any CPU
	EndGlobalSection
	GlobalSection(SolutionProperties) = preSolution
		HideSolutionNode = FALSE
	EndGlobalSection
	GlobalSection(NestedProjects) = preSolution
		{21E00F1E-A1FC-4F30-8AF2-C1C357B5122C} = {546169BB-1597-4EFA-97BB-4AA3D165BFA4}
		{C67036A4-D099-4159-ADB4-DA1BC27D9088} = {4EEADC53-4EEE-4488-8FAA-46720C900AFF}
		{6021E56E-892C-40CB-B84C-ADF78F3C0520} = {A6E291DB-E381-486A-ADC7-61A6C727CDB9}
		{85AC958C-0C88-45C6-B4DB-395A1423404E} = {546169BB-1597-4EFA-97BB-4AA3D165BFA4}
		{CC861305-BA94-435C-B08C-5605F6113E6E} = {546169BB-1597-4EFA-97BB-4AA3D165BFA4}
		{172A6D5F-5CD8-4C39-B2C7-2A58BD33C9DA} = {4EEADC53-4EEE-4488-8FAA-46720C900AFF}
		{4A428C25-FE48-4D43-B611-07E91ABB3C2A} = {4EEADC53-4EEE-4488-8FAA-46720C900AFF}
		{3ECE171A-DDA6-473A-B225-B511DAD04E13} = {DE5B585C-5176-422A-BB50-21DCDF5B111F}
		{9C71861D-A7CC-4DAE-B66A-23DAC8359CA2} = {DE5B585C-5176-422A-BB50-21DCDF5B111F}
		{C8358B38-6275-462D-A5B3-EB61218E1A2C} = {DE5B585C-5176-422A-BB50-21DCDF5B111F}
		{AFCEA297-4381-4FFB-B548-D9C241AB4EE1} = {DE5B585C-5176-422A-BB50-21DCDF5B111F}
		{FE7AC039-0D9B-4BB2-9507-7E6B135A0029} = {DE5B585C-5176-422A-BB50-21DCDF5B111F}
		{C533BD44-C451-47A0-B460-F2640FB051A2} = {DE5B585C-5176-422A-BB50-21DCDF5B111F}
		{07849B26-3594-4D96-9C34-1F451F520EC7} = {97627BEF-A690-42FB-8B79-325AC5155E64}
		{82554555-E4E7-4F23-9701-BA982E177E49} = {97627BEF-A690-42FB-8B79-325AC5155E64}
		{7BEAB23C-09C3-499A-AED5-4D2956B1C167} = {DE5B585C-5176-422A-BB50-21DCDF5B111F}
		{F6FFEA59-3B1A-4B91-BA35-02B4B54A9B11} = {4EEADC53-4EEE-4488-8FAA-46720C900AFF}
		{30093D43-D9C2-4FCD-A005-1AA57DD36FE2} = {546169BB-1597-4EFA-97BB-4AA3D165BFA4}
		{CC9B3B19-D634-483B-9DB9-33950A14DB2C} = {546169BB-1597-4EFA-97BB-4AA3D165BFA4}
		{F5221828-412C-470F-89AD-B8E0259D089F} = {546169BB-1597-4EFA-97BB-4AA3D165BFA4}
		{4F892C47-081D-4598-957C-4987D8FEF0CE} = {A6E291DB-E381-486A-ADC7-61A6C727CDB9}
	EndGlobalSection
EndGlobal
